
Microsoft Visual Studio Solution File, Format Version 12.00
# Visual Studio Version 17
VisualStudioVersion = 17.4.33205.214
MinimumVisualStudioVersion = 10.0.40219.1
Project("{FAE04EC0-301F-11D3-BF4B-00C04F79EFBC}") = "KoncepcjaSmartHomeChatGPT", "KoncepcjaSmartHomeChatGPT\KoncepcjaSmartHomeChatGPT.csproj", "{A8F679C6-A3A3-43D9-A30B-54F05BDDF365}"
EndProject
Global
	GlobalSection(SolutionConfigurationPlatforms) = preSolution
		Debug|Any CPU = Debug|Any CPU
		Release|Any CPU = Release|Any CPU
	EndGlobalSection
	GlobalSection(ProjectConfigurationPlatforms) = postSolution
		{A8F679C6-A3A3-43D9-A30B-54F05BDDF365}.Debug|Any CPU.ActiveCfg = Debug|Any CPU
		{A8F679C6-A3A3-43D9-A30B-54F05BDDF365}.Debug|Any CPU.Build.0 = Debug|Any CPU
		{A8F679C6-A3A3-43D9-A30B-54F05BDDF365}.Release|Any CPU.ActiveCfg = Release|Any CPU
		{A8F679C6-A3A3-43D9-A30B-54F05BDDF365}.Release|Any CPU.Build.0 = Release|Any CPU
	EndGlobalSection
	GlobalSection(SolutionProperties) = preSolution
		HideSolutionNode = FALSE
	EndGlobalSection
	GlobalSection(ExtensibilityGlobals) = postSolution
		SolutionGuid = {59AC2A2E-827F-4D8E-BE3C-95E5555E45C1}
	EndGlobalSection
EndGlobal
